version: 1
entry: main.csx
targetFramework: net8.0
runtimeIdentifier: ubuntu.24.04-x64
packageSources:
  - https://api.nuget.org/v3/index.json
dotnetScriptCoreVersion: 2.0.1
directReferences:
  - packageId: Devo6.WorkFlow.Engine
    version: 0.1.0
resolvedDependencies:
  - packageId: Devo6.WorkFlow.Engine
    version: 0.1.0
    direct: true
  - packageId: Dotnet.Script.Core
    version: 2.0.1
    direct: false
  - packageId: Dotnet.Script.DependencyModel
    version: 2.0.1
    direct: false
  - packageId: Dotnet.Script.DependencyModel.NuGet
    version: 2.0.1
    direct: false
  - packageId: Gapotchenko.FX
    version: 2024.2.5
    direct: false
  - packageId: Gapotchenko.FX.Reflection.Loader
    version: 2024.2.5
    direct: false
  - packageId: Microsoft.CodeAnalysis.Common
    version: 5.0.0-2.final
    direct: false
  - packageId: Microsoft.CodeAnalysis.CSharp
    version: 5.0.0-2.final
    direct: false
  - packageId: Microsoft.CodeAnalysis.CSharp.Scripting
    version: 5.0.0-2.final
    direct: false
  - packageId: Microsoft.CodeAnalysis.Scripting.Common
    version: 5.0.0-2.final
    direct: false
  - packageId: Microsoft.DotNet.PlatformAbstractions
    version: 3.1.6
    direct: false
  - packageId: Microsoft.Extensions.DependencyInjection.Abstractions
    version: 8.0.0
    direct: false
  - packageId: Microsoft.Extensions.Logging.Abstractions
    version: 8.0.0
    direct: false
  - packageId: Microsoft.NETCore.App
    version: 8.0.27
    direct: false
  - packageId: Newtonsoft.Json
    version: 13.0.3
    direct: false
  - packageId: NuGet.Common
    version: 6.14.3
    direct: false
  - packageId: NuGet.Configuration
    version: 6.14.3
    direct: false
  - packageId: NuGet.DependencyResolver.Core
    version: 6.14.3
    direct: false
  - packageId: NuGet.Frameworks
    version: 6.14.3
    direct: false
  - packageId: NuGet.LibraryModel
    version: 6.14.3
    direct: false
  - packageId: NuGet.Packaging
    version: 6.14.3
    direct: false
  - packageId: NuGet.ProjectModel
    version: 6.14.3
    direct: false
  - packageId: NuGet.Protocol
    version: 6.14.3
    direct: false
  - packageId: NuGet.Versioning
    version: 6.14.3
    direct: false
  - packageId: ReadLine
    version: 2.0.1
    direct: false
  - packageId: System.Collections.Immutable
    version: 9.0.0
    direct: false
  - packageId: System.Formats.Asn1
    version: 6.0.0
    direct: false
  - packageId: System.Reflection.Metadata
    version: 9.0.0
    direct: false
  - packageId: System.Security.Cryptography.Pkcs
    version: 6.0.4
    direct: false
  - packageId: System.Security.Cryptography.ProtectedData
    version: 4.4.0
    direct: false
  - packageId: YamlDotNet
    version: 16.3.0
    direct: false
